// !$*UTF8*$!
{
	archiveVersion = 1;
	classes = {
	};
	objectVersion = 56;
	objects = {

/* Begin PBXBuildFile section */
		BDD011E82CC2625D0038CDE8 /* SwiftUIBootcampApp.swift in Sources */ = {isa = PBXBuildFile; fileRef = BDD011E72CC2625D0038CDE8 /* SwiftUIBootcampApp.swift */; };
		BDD011EA2CC2625D0038CDE8 /* ContentView.swift in Sources */ = {isa = PBXBuildFile; fileRef = BDD011E92CC2625D0038CDE8 /* ContentView.swift */; };
		BDD011EC2CC2625F0038CDE8 /* Assets.xcassets in Resources */ = {isa = PBXBuildFile; fileRef = BDD011EB2CC2625F0038CDE8 /* Assets.xcassets */; };
		BDD011EF2CC2625F0038CDE8 /* Preview Assets.xcassets in Resources */ = {isa = PBXBuildFile; fileRef = BDD011EE2CC2625F0038CDE8 /* Preview Assets.xcassets */; };
		BDD011F62CC2639E0038CDE8 /* TextBootcamp.swift in Sources */ = {isa = PBXBuildFile; fileRef = BDD011F52CC2639E0038CDE8 /* TextBootcamp.swift */; };
		BDD011F82CC779FC0038CDE8 /* ShapesBootcamp.swift in Sources */ = {isa = PBXBuildFile; fileRef = BDD011F72CC779FC0038CDE8 /* ShapesBootcamp.swift */; };
		BDD011FA2CC785C10038CDE8 /* ColorsBootcamp.swift in Sources */ = {isa = PBXBuildFile; fileRef = BDD011F92CC785C10038CDE8 /* ColorsBootcamp.swift */; };
		BDD011FC2CC7B4070038CDE8 /* Combine.swift in Sources */ = {isa = PBXBuildFile; fileRef = BDD011FB2CC7B4070038CDE8 /* Combine.swift */; };
		BDD012002CC8C1D60038CDE8 /* ObservableObjectBootcamp.swift in Sources */ = {isa = PBXBuildFile; fileRef = BDD011FF2CC8C1D60038CDE8 /* ObservableObjectBootcamp.swift */; };
		BDD012032CC9191D0038CDE8 /* GradientsBootcamp.swift in Sources */ = {isa = PBXBuildFile; fileRef = BDD012022CC9191D0038CDE8 /* GradientsBootcamp.swift */; };
		BDD012052CCA02DC0038CDE8 /* IconsBootcamp.swift in Sources */ = {isa = PBXBuildFile; fileRef = BDD012042CCA02DC0038CDE8 /* IconsBootcamp.swift */; };
		BDD012072CCF8ADE0038CDE8 /* ImageBootcamp.swift in Sources */ = {isa = PBXBuildFile; fileRef = BDD012062CCF8ADE0038CDE8 /* ImageBootcamp.swift */; };
		BDD012092CCF9AA70038CDE8 /* FrameBootcamp.swift in Sources */ = {isa = PBXBuildFile; fileRef = BDD012082CCF9AA70038CDE8 /* FrameBootcamp.swift */; };
		BDD0120B2CCFA8480038CDE8 /* FrameText.swift in Sources */ = {isa = PBXBuildFile; fileRef = BDD0120A2CCFA8480038CDE8 /* FrameText.swift */; };
		BDD0120D2CD35C6B0038CDE8 /* BackgroundAndOverlayBootcamp.swift in Sources */ = {isa = PBXBuildFile; fileRef = BDD0120C2CD35C6B0038CDE8 /* BackgroundAndOverlayBootcamp.swift */; };
		BDD0120F2CDA46A20038CDE8 /* StacksBootcamp.swift in Sources */ = {isa = PBXBuildFile; fileRef = BDD0120E2CDA46A20038CDE8 /* StacksBootcamp.swift */; };
		BDD012112CE48FC00038CDE8 /* PaddingBootcamp.swift in Sources */ = {isa = PBXBuildFile; fileRef = BDD012102CE48FC00038CDE8 /* PaddingBootcamp.swift */; };
		BDD012132CE5B38C0038CDE8 /* SpacerBootcamp.swift in Sources */ = {isa = PBXBuildFile; fileRef = BDD012122CE5B38C0038CDE8 /* SpacerBootcamp.swift */; };
		BDD012152CEB57470038CDE8 /* InitializerBootcamp.swift in Sources */ = {isa = PBXBuildFile; fileRef = BDD012142CEB57470038CDE8 /* InitializerBootcamp.swift */; };
		BDD012172CED93FA0038CDE8 /* ForEachBootcamp.swift in Sources */ = {isa = PBXBuildFile; fileRef = BDD012162CED93FA0038CDE8 /* ForEachBootcamp.swift */; };
		BDD012192CF076960038CDE8 /* ScrollViewBootcamp.swift in Sources */ = {isa = PBXBuildFile; fileRef = BDD012182CF076960038CDE8 /* ScrollViewBootcamp.swift */; };
		BDD0121B2CF716490038CDE8 /* GridBootcamp.swift in Sources */ = {isa = PBXBuildFile; fileRef = BDD0121A2CF716490038CDE8 /* GridBootcamp.swift */; };
		BDD0121D2CF9C13A0038CDE8 /* SafeAreaBootcamp.swift in Sources */ = {isa = PBXBuildFile; fileRef = BDD0121C2CF9C13A0038CDE8 /* SafeAreaBootcamp.swift */; };
		BDD0121F2CFDC2740038CDE8 /* ButtonsBootcamp.swift in Sources */ = {isa = PBXBuildFile; fileRef = BDD0121E2CFDC2730038CDE8 /* ButtonsBootcamp.swift */; };
		BDD012212D0013390038CDE8 /* StateBootcamp.swift in Sources */ = {isa = PBXBuildFile; fileRef = BDD012202D0013390038CDE8 /* StateBootcamp.swift */; };
/* End PBXBuildFile section */

/* Begin PBXFileReference section */
		BDD011E42CC2625D0038CDE8 /* SwiftUIBootcamp.app */ = {isa = PBXFileReference; explicitFileType = wrapper.application; includeInIndex = 0; path = SwiftUIBootcamp.app; sourceTree = BUILT_PRODUCTS_DIR; };
		BDD011E72CC2625D0038CDE8 /* SwiftUIBootcampApp.swift */ = {isa = PBXFileReference; lastKnownFileType = sourcecode.swift; path = SwiftUIBootcampApp.swift; sourceTree = "<group>"; };
		BDD011E92CC2625D0038CDE8 /* ContentView.swift */ = {isa = PBXFileReference; lastKnownFileType = sourcecode.swift; path = ContentView.swift; sourceTree = "<group>"; };
		BDD011EB2CC2625F0038CDE8 /* Assets.xcassets */ = {isa = PBXFileReference; lastKnownFileType = folder.assetcatalog; path = Assets.xcassets; sourceTree = "<group>"; };
		BDD011EE2CC2625F0038CDE8 /* Preview Assets.xcassets */ = {isa = PBXFileReference; lastKnownFileType = folder.assetcatalog; path = "Preview Assets.xcassets"; sourceTree = "<group>"; };
		BDD011F52CC2639E0038CDE8 /* TextBootcamp.swift */ = {isa = PBXFileReference; lastKnownFileType = sourcecode.swift; path = TextBootcamp.swift; sourceTree = "<group>"; };
		BDD011F72CC779FC0038CDE8 /* ShapesBootcamp.swift */ = {isa = PBXFileReference; lastKnownFileType = sourcecode.swift; path = ShapesBootcamp.swift; sourceTree = "<group>"; };
		BDD011F92CC785C10038CDE8 /* ColorsBootcamp.swift */ = {isa = PBXFileReference; lastKnownFileType = sourcecode.swift; path = ColorsBootcamp.swift; sourceTree = "<group>"; };
		BDD011FB2CC7B4070038CDE8 /* Combine.swift */ = {isa = PBXFileReference; lastKnownFileType = sourcecode.swift; path = Combine.swift; sourceTree = "<group>"; };
		BDD011FF2CC8C1D60038CDE8 /* ObservableObjectBootcamp.swift */ = {isa = PBXFileReference; lastKnownFileType = sourcecode.swift; path = ObservableObjectBootcamp.swift; sourceTree = "<group>"; };
		BDD012022CC9191D0038CDE8 /* GradientsBootcamp.swift */ = {isa = PBXFileReference; lastKnownFileType = sourcecode.swift; path = GradientsBootcamp.swift; sourceTree = "<group>"; };
		BDD012042CCA02DC0038CDE8 /* IconsBootcamp.swift */ = {isa = PBXFileReference; lastKnownFileType = sourcecode.swift; path = IconsBootcamp.swift; sourceTree = "<group>"; };
		BDD012062CCF8ADE0038CDE8 /* ImageBootcamp.swift */ = {isa = PBXFileReference; lastKnownFileType = sourcecode.swift; path = ImageBootcamp.swift; sourceTree = "<group>"; };
		BDD012082CCF9AA70038CDE8 /* FrameBootcamp.swift */ = {isa = PBXFileReference; lastKnownFileType = sourcecode.swift; path = FrameBootcamp.swift; sourceTree = "<group>"; };
		BDD0120A2CCFA8480038CDE8 /* FrameText.swift */ = {isa = PBXFileReference; lastKnownFileType = sourcecode.swift; path = FrameText.swift; sourceTree = "<group>"; };
		BDD0120C2CD35C6B0038CDE8 /* BackgroundAndOverlayBootcamp.swift */ = {isa = PBXFileReference; lastKnownFileType = sourcecode.swift; path = BackgroundAndOverlayBootcamp.swift; sourceTree = "<group>"; };
		BDD0120E2CDA46A20038CDE8 /* StacksBootcamp.swift */ = {isa = PBXFileReference; lastKnownFileType = sourcecode.swift; path = StacksBootcamp.swift; sourceTree = "<group>"; };
		BDD012102CE48FC00038CDE8 /* PaddingBootcamp.swift */ = {isa = PBXFileReference; lastKnownFileType = sourcecode.swift; path = PaddingBootcamp.swift; sourceTree = "<group>"; };
		BDD012122CE5B38C0038CDE8 /* SpacerBootcamp.swift */ = {isa = PBXFileReference; lastKnownFileType = sourcecode.swift; path = SpacerBootcamp.swift; sourceTree = "<group>"; };
		BDD012142CEB57470038CDE8 /* InitializerBootcamp.swift */ = {isa = PBXFileReference; lastKnownFileType = sourcecode.swift; path = InitializerBootcamp.swift; sourceTree = "<group>"; };
		BDD012162CED93FA0038CDE8 /* ForEachBootcamp.swift */ = {isa = PBXFileReference; lastKnownFileType = sourcecode.swift; path = ForEachBootcamp.swift; sourceTree = "<group>"; };
		BDD012182CF076960038CDE8 /* ScrollViewBootcamp.swift */ = {isa = PBXFileReference; lastKnownFileType = sourcecode.swift; path = ScrollViewBootcamp.swift; sourceTree = "<group>"; };
		BDD0121A2CF716490038CDE8 /* GridBootcamp.swift */ = {isa = PBXFileReference; lastKnownFileType = sourcecode.swift; path = GridBootcamp.swift; sourceTree = "<group>"; };
		BDD0121C2CF9C13A0038CDE8 /* SafeAreaBootcamp.swift */ = {isa = PBXFileReference; lastKnownFileType = sourcecode.swift; path = SafeAreaBootcamp.swift; sourceTree = "<group>"; };
		BDD0121E2CFDC2730038CDE8 /* ButtonsBootcamp.swift */ = {isa = PBXFileReference; lastKnownFileType = sourcecode.swift; path = ButtonsBootcamp.swift; sourceTree = "<group>"; };
		BDD012202D0013390038CDE8 /* StateBootcamp.swift */ = {isa = PBXFileReference; lastKnownFileType = sourcecode.swift; path = StateBootcamp.swift; sourceTree = "<group>"; };
/* End PBXFileReference section */

/* Begin PBXFrameworksBuildPhase section */
		BDD011E12CC2625D0038CDE8 /* Frameworks */ = {
			isa = PBXFrameworksBuildPhase;
			buildActionMask = 2147483647;
			files = (
			);
			runOnlyForDeploymentPostprocessing = 0;
		};
/* End PBXFrameworksBuildPhase section */

/* Begin PBXGroup section */
		BDD011DB2CC2625D0038CDE8 = {
			isa = PBXGroup;
			children = (
				BDD012012CC919090038CDE8 /* Delegate */,
				BDD011E62CC2625D0038CDE8 /* SwiftUIBootcamp */,
				BDD011E52CC2625D0038CDE8 /* Products */,
			);
			sourceTree = "<group>";
		};
		BDD011E52CC2625D0038CDE8 /* Products */ = {
			isa = PBXGroup;
			children = (
				BDD011E42CC2625D0038CDE8 /* SwiftUIBootcamp.app */,
			);
			name = Products;
			sourceTree = "<group>";
		};
		BDD011E62CC2625D0038CDE8 /* SwiftUIBootcamp */ = {
			isa = PBXGroup;
			children = (
				BDD011E72CC2625D0038CDE8 /* SwiftUIBootcampApp.swift */,
				BDD011E92CC2625D0038CDE8 /* ContentView.swift */,
				BDD011F52CC2639E0038CDE8 /* TextBootcamp.swift */,
				BDD011F72CC779FC0038CDE8 /* ShapesBootcamp.swift */,
				BDD011F92CC785C10038CDE8 /* ColorsBootcamp.swift */,
				BDD012022CC9191D0038CDE8 /* GradientsBootcamp.swift */,
				BDD012042CCA02DC0038CDE8 /* IconsBootcamp.swift */,
				BDD012062CCF8ADE0038CDE8 /* ImageBootcamp.swift */,
				BDD012082CCF9AA70038CDE8 /* FrameBootcamp.swift */,
				BDD0120A2CCFA8480038CDE8 /* FrameText.swift */,
				BDD0120C2CD35C6B0038CDE8 /* BackgroundAndOverlayBootcamp.swift */,
				BDD0120E2CDA46A20038CDE8 /* StacksBootcamp.swift */,
				BDD012102CE48FC00038CDE8 /* PaddingBootcamp.swift */,
				BDD012122CE5B38C0038CDE8 /* SpacerBootcamp.swift */,
				BDD012142CEB57470038CDE8 /* InitializerBootcamp.swift */,
				BDD012162CED93FA0038CDE8 /* ForEachBootcamp.swift */,
				BDD012182CF076960038CDE8 /* ScrollViewBootcamp.swift */,
				BDD0121A2CF716490038CDE8 /* GridBootcamp.swift */,
				BDD0121E2CFDC2730038CDE8 /* ButtonsBootcamp.swift */,
				BDD012202D0013390038CDE8 /* StateBootcamp.swift */,
				BDD0121C2CF9C13A0038CDE8 /* SafeAreaBootcamp.swift */,
				BDD011EB2CC2625F0038CDE8 /* Assets.xcassets */,
				BDD011ED2CC2625F0038CDE8 /* Preview Content */,
			);
			path = SwiftUIBootcamp;
			sourceTree = "<group>";
		};
		BDD011ED2CC2625F0038CDE8 /* Preview Content */ = {
			isa = PBXGroup;
			children = (
				BDD011EE2CC2625F0038CDE8 /* Preview Assets.xcassets */,
			);
			path = "Preview Content";
			sourceTree = "<group>";
		};
		BDD012012CC919090038CDE8 /* Delegate */ = {
			isa = PBXGroup;
			children = (
				BDD011FB2CC7B4070038CDE8 /* Combine.swift */,
				BDD011FF2CC8C1D60038CDE8 /* ObservableObjectBootcamp.swift */,
			);
			path = Delegate;
			sourceTree = "<group>";
		};
/* End PBXGroup section */

/* Begin PBXNativeTarget section */
		BDD011E32CC2625D0038CDE8 /* SwiftUIBootcamp */ = {
			isa = PBXNativeTarget;
			buildConfigurationList = BDD011F22CC2625F0038CDE8 /* Build configuration list for PBXNativeTarget "SwiftUIBootcamp" */;
			buildPhases = (
				BDD011E02CC2625D0038CDE8 /* Sources */,
				BDD011E12CC2625D0038CDE8 /* Frameworks */,
				BDD011E22CC2625D0038CDE8 /* Resources */,
			);
			buildRules = (
			);
			dependencies = (
			);
			name = SwiftUIBootcamp;
			productName = SwiftUIBootcamp;
			productReference = BDD011E42CC2625D0038CDE8 /* SwiftUIBootcamp.app */;
			productType = "com.apple.product-type.application";
		};
/* End PBXNativeTarget section */

/* Begin PBXProject section */
		BDD011DC2CC2625D0038CDE8 /* Project object */ = {
			isa = PBXProject;
			attributes = {
				BuildIndependentTargetsInParallel = 1;
				LastSwiftUpdateCheck = 1510;
				LastUpgradeCheck = 1510;
				TargetAttributes = {
					BDD011E32CC2625D0038CDE8 = {
						CreatedOnToolsVersion = 15.1;
					};
				};
			};
			buildConfigurationList = BDD011DF2CC2625D0038CDE8 /* Build configuration list for PBXProject "SwiftUIBootcamp" */;
			compatibilityVersion = "Xcode 14.0";
			developmentRegion = en;
			hasScannedForEncodings = 0;
			knownRegions = (
				en,
				Base,
			);
			mainGroup = BDD011DB2CC2625D0038CDE8;
			productRefGroup = BDD011E52CC2625D0038CDE8 /* Products */;
			projectDirPath = "";
			projectRoot = "";
			targets = (
				BDD011E32CC2625D0038CDE8 /* SwiftUIBootcamp */,
			);
		};
/* End PBXProject section */

/* Begin PBXResourcesBuildPhase section */
		BDD011E22CC2625D0038CDE8 /* Resources */ = {
			isa = PBXResourcesBuildPhase;
			buildActionMask = 2147483647;
			files = (
				BDD011EF2CC2625F0038CDE8 /* Preview Assets.xcassets in Resources */,
				BDD011EC2CC2625F0038CDE8 /* Assets.xcassets in Resources */,
			);
			runOnlyForDeploymentPostprocessing = 0;
		};
/* End PBXResourcesBuildPhase section */

/* Begin PBXSourcesBuildPhase section */
		BDD011E02CC2625D0038CDE8 /* Sources */ = {
			isa = PBXSourcesBuildPhase;
			buildActionMask = 2147483647;
			files = (
				BDD0121B2CF716490038CDE8 /* GridBootcamp.swift in Sources */,
				BDD012072CCF8ADE0038CDE8 /* ImageBootcamp.swift in Sources */,
				BDD012032CC9191D0038CDE8 /* GradientsBootcamp.swift in Sources */,
				BDD012132CE5B38C0038CDE8 /* SpacerBootcamp.swift in Sources */,
				BDD0120B2CCFA8480038CDE8 /* FrameText.swift in Sources */,
				BDD011FA2CC785C10038CDE8 /* ColorsBootcamp.swift in Sources */,
				BDD011F82CC779FC0038CDE8 /* ShapesBootcamp.swift in Sources */,
				BDD012112CE48FC00038CDE8 /* PaddingBootcamp.swift in Sources */,
				BDD012192CF076960038CDE8 /* ScrollViewBootcamp.swift in Sources */,
				BDD012002CC8C1D60038CDE8 /* ObservableObjectBootcamp.swift in Sources */,
				BDD012212D0013390038CDE8 /* StateBootcamp.swift in Sources */,
				BDD011EA2CC2625D0038CDE8 /* ContentView.swift in Sources */,
				BDD012152CEB57470038CDE8 /* InitializerBootcamp.swift in Sources */,
				BDD0120F2CDA46A20038CDE8 /* StacksBootcamp.swift in Sources */,
				BDD011FC2CC7B4070038CDE8 /* Combine.swift in Sources */,
				BDD0121F2CFDC2740038CDE8 /* ButtonsBootcamp.swift in Sources */,
				BDD012092CCF9AA70038CDE8 /* FrameBootcamp.swift in Sources */,
				BDD0120D2CD35C6B0038CDE8 /* BackgroundAndOverlayBootcamp.swift in Sources */,
				BDD012052CCA02DC0038CDE8 /* IconsBootcamp.swift in Sources */,
				BDD0121D2CF9C13A0038CDE8 /* SafeAreaBootcamp.swift in Sources */,
				BDD011F62CC2639E0038CDE8 /* TextBootcamp.swift in Sources */,
				BDD011E82CC2625D0038CDE8 /* SwiftUIBootcampApp.swift in Sources */,
				BDD012172CED93FA0038CDE8 /* ForEachBootcamp.swift in Sources */,
			);
			runOnlyForDeploymentPostprocessing = 0;
		};
/* End PBXSourcesBuildPhase section */

/* Begin XCBuildConfiguration section */
		BDD011F02CC2625F0038CDE8 /* Debug */ = {
			isa = XCBuildConfiguration;
			buildSettings = {
				ALWAYS_SEARCH_USER_PATHS = NO;
				ASSETCATALOG_COMPILER_GENERATE_SWIFT_ASSET_SYMBOL_EXTENSIONS = YES;
				CLANG_ANALYZER_NONNULL = YES;
				CLANG_ANALYZER_NUMBER_OBJECT_CONVERSION = YES_AGGRESSIVE;
				CLANG_CXX_LANGUAGE_STANDARD = "gnu++20";
				CLANG_ENABLE_MODULES = YES;
				CLANG_ENABLE_OBJC_ARC = YES;
				CLANG_ENABLE_OBJC_WEAK = YES;
				CLANG_WARN_BLOCK_CAPTURE_AUTORELEASING = YES;
				CLANG_WARN_BOOL_CONVERSION = YES;
				CLANG_WARN_COMMA = YES;
				CLANG_WARN_CONSTANT_CONVERSION = YES;
				CLANG_WARN_DEPRECATED_OBJC_IMPLEMENTATIONS = YES;
				CLANG_WARN_DIRECT_OBJC_ISA_USAGE = YES_ERROR;
				CLANG_WARN_DOCUMENTATION_COMMENTS = YES;
				CLANG_WARN_EMPTY_BODY = YES;
				CLANG_WARN_ENUM_CONVERSION = YES;
				CLANG_WARN_INFINITE_RECURSION = YES;
				CLANG_WARN_INT_CONVERSION = YES;
				CLANG_WARN_NON_LITERAL_NULL_CONVERSION = YES;
				CLANG_WARN_OBJC_IMPLICIT_RETAIN_SELF = YES;
				CLANG_WARN_OBJC_LITERAL_CONVERSION = YES;
				CLANG_WARN_OBJC_ROOT_CLASS = YES_ERROR;
				CLANG_WARN_QUOTED_INCLUDE_IN_FRAMEWORK_HEADER = YES;
				CLANG_WARN_RANGE_LOOP_ANALYSIS = YES;
				CLANG_WARN_STRICT_PROTOTYPES = YES;
				CLANG_WARN_SUSPICIOUS_MOVE = YES;
				CLANG_WARN_UNGUARDED_AVAILABILITY = YES_AGGRESSIVE;
				CLANG_WARN_UNREACHABLE_CODE = YES;
				CLANG_WARN__DUPLICATE_METHOD_MATCH = YES;
				COPY_PHASE_STRIP = NO;
				DEBUG_INFORMATION_FORMAT = dwarf;
				ENABLE_STRICT_OBJC_MSGSEND = YES;
				ENABLE_TESTABILITY = YES;
				ENABLE_USER_SCRIPT_SANDBOXING = YES;
				GCC_C_LANGUAGE_STANDARD = gnu17;
				GCC_DYNAMIC_NO_PIC = NO;
				GCC_NO_COMMON_BLOCKS = YES;
				GCC_OPTIMIZATION_LEVEL = 0;
				GCC_PREPROCESSOR_DEFINITIONS = (
					"DEBUG=1",
					"$(inherited)",
				);
				GCC_WARN_64_TO_32_BIT_CONVERSION = YES;
				GCC_WARN_ABOUT_RETURN_TYPE = YES_ERROR;
				GCC_WARN_UNDECLARED_SELECTOR = YES;
				GCC_WARN_UNINITIALIZED_AUTOS = YES_AGGRESSIVE;
				GCC_WARN_UNUSED_FUNCTION = YES;
				GCC_WARN_UNUSED_VARIABLE = YES;
				IPHONEOS_DEPLOYMENT_TARGET = 17.2;
				LOCALIZATION_PREFERS_STRING_CATALOGS = YES;
				MTL_ENABLE_DEBUG_INFO = INCLUDE_SOURCE;
				MTL_FAST_MATH = YES;
				ONLY_ACTIVE_ARCH = YES;
				SDKROOT = iphoneos;
				SWIFT_ACTIVE_COMPILATION_CONDITIONS = "DEBUG $(inherited)";
				SWIFT_OPTIMIZATION_LEVEL = "-Onone";
			};
			name = Debug;
		};
		BDD011F12CC2625F0038CDE8 /* Release */ = {
			isa = XCBuildConfiguration;
			buildSettings = {
				ALWAYS_SEARCH_USER_PATHS = NO;
				ASSETCATALOG_COMPILER_GENERATE_SWIFT_ASSET_SYMBOL_EXTENSIONS = YES;
				CLANG_ANALYZER_NONNULL = YES;
				CLANG_ANALYZER_NUMBER_OBJECT_CONVERSION = YES_AGGRESSIVE;
				CLANG_CXX_LANGUAGE_STANDARD = "gnu++20";
				CLANG_ENABLE_MODULES = YES;
				CLANG_ENABLE_OBJC_ARC = YES;
				CLANG_ENABLE_OBJC_WEAK = YES;
				CLANG_WARN_BLOCK_CAPTURE_AUTORELEASING = YES;
				CLANG_WARN_BOOL_CONVERSION = YES;
				CLANG_WARN_COMMA = YES;
				CLANG_WARN_CONSTANT_CONVERSION = YES;
				CLANG_WARN_DEPRECATED_OBJC_IMPLEMENTATIONS = YES;
				CLANG_WARN_DIRECT_OBJC_ISA_USAGE = YES_ERROR;
				CLANG_WARN_DOCUMENTATION_COMMENTS = YES;
				CLANG_WARN_EMPTY_BODY = YES;
				CLANG_WARN_ENUM_CONVERSION = YES;
				CLANG_WARN_INFINITE_RECURSION = YES;
				CLANG_WARN_INT_CONVERSION = YES;
				CLANG_WARN_NON_LITERAL_NULL_CONVERSION = YES;
				CLANG_WARN_OBJC_IMPLICIT_RETAIN_SELF = YES;
				CLANG_WARN_OBJC_LITERAL_CONVERSION = YES;
				CLANG_WARN_OBJC_ROOT_CLASS = YES_ERROR;
				CLANG_WARN_QUOTED_INCLUDE_IN_FRAMEWORK_HEADER = YES;
				CLANG_WARN_RANGE_LOOP_ANALYSIS = YES;
				CLANG_WARN_STRICT_PROTOTYPES = YES;
				CLANG_WARN_SUSPICIOUS_MOVE = YES;
				CLANG_WARN_UNGUARDED_AVAILABILITY = YES_AGGRESSIVE;
				CLANG_WARN_UNREACHABLE_CODE = YES;
				CLANG_WARN__DUPLICATE_METHOD_MATCH = YES;
				COPY_PHASE_STRIP = NO;
				DEBUG_INFORMATION_FORMAT = "dwarf-with-dsym";
				ENABLE_NS_ASSERTIONS = NO;
				ENABLE_STRICT_OBJC_MSGSEND = YES;
				ENABLE_USER_SCRIPT_SANDBOXING = YES;
				GCC_C_LANGUAGE_STANDARD = gnu17;
				GCC_NO_COMMON_BLOCKS = YES;
				GCC_WARN_64_TO_32_BIT_CONVERSION = YES;
				GCC_WARN_ABOUT_RETURN_TYPE = YES_ERROR;
				GCC_WARN_UNDECLARED_SELECTOR = YES;
				GCC_WARN_UNINITIALIZED_AUTOS = YES_AGGRESSIVE;
				GCC_WARN_UNUSED_FUNCTION = YES;
				GCC_WARN_UNUSED_VARIABLE = YES;
				IPHONEOS_DEPLOYMENT_TARGET = 17.2;
				LOCALIZATION_PREFERS_STRING_CATALOGS = YES;
				MTL_ENABLE_DEBUG_INFO = NO;
				MTL_FAST_MATH = YES;
				SDKROOT = iphoneos;
				SWIFT_COMPILATION_MODE = wholemodule;
				VALIDATE_PRODUCT = YES;
			};
			name = Release;
		};
		BDD011F32CC2625F0038CDE8 /* Debug */ = {
			isa = XCBuildConfiguration;
			buildSettings = {
				ASSETCATALOG_COMPILER_APPICON_NAME = AppIcon;
				ASSETCATALOG_COMPILER_GLOBAL_ACCENT_COLOR_NAME = AccentColor;
				CODE_SIGN_STYLE = Automatic;
				CURRENT_PROJECT_VERSION = 1;
				DEVELOPMENT_ASSET_PATHS = "\"SwiftUIBootcamp/Preview Content\"";
				DEVELOPMENT_TEAM = LRG9286UQ5;
				ENABLE_PREVIEWS = YES;
				GENERATE_INFOPLIST_FILE = YES;
				INFOPLIST_KEY_UIApplicationSceneManifest_Generation = YES;
				INFOPLIST_KEY_UIApplicationSupportsIndirectInputEvents = YES;
				INFOPLIST_KEY_UILaunchScreen_Generation = YES;
				INFOPLIST_KEY_UISupportedInterfaceOrientations_iPad = "UIInterfaceOrientationPortrait UIInterfaceOrientationPortraitUpsideDown UIInterfaceOrientationLandscapeLeft UIInterfaceOrientationLandscapeRight";
				INFOPLIST_KEY_UISupportedInterfaceOrientations_iPhone = "UIInterfaceOrientationPortrait UIInterfaceOrientationLandscapeLeft UIInterfaceOrientationLandscapeRight";
				LD_RUNPATH_SEARCH_PATHS = (
					"$(inherited)",
					"@executable_path/Frameworks",
				);
				MARKETING_VERSION = 1.0;
				PRODUCT_BUNDLE_IDENTIFIER = io.chenglu.SwiftUIBootcamp.SwiftUIBootcamp;
				PRODUCT_NAME = "$(TARGET_NAME)";
				SWIFT_EMIT_LOC_STRINGS = YES;
				SWIFT_VERSION = 5.0;
				TARGETED_DEVICE_FAMILY = "1,2";
			};
			name = Debug;
		};
		BDD011F42CC2625F0038CDE8 /* Release */ = {
			isa = XCBuildConfiguration;
			buildSettings = {
				ASSETCATALOG_COMPILER_APPICON_NAME = AppIcon;
				ASSETCATALOG_COMPILER_GLOBAL_ACCENT_COLOR_NAME = AccentColor;
				CODE_SIGN_STYLE = Automatic;
				CURRENT_PROJECT_VERSION = 1;
				DEVELOPMENT_ASSET_PATHS = "\"SwiftUIBootcamp/Preview Content\"";
				DEVELOPMENT_TEAM = LRG9286UQ5;
				ENABLE_PREVIEWS = YES;
				GENERATE_INFOPLIST_FILE = YES;
				INFOPLIST_KEY_UIApplicationSceneManifest_Generation = YES;
				INFOPLIST_KEY_UIApplicationSupportsIndirectInputEvents = YES;
				INFOPLIST_KEY_UILaunchScreen_Generation = YES;
				INFOPLIST_KEY_UISupportedInterfaceOrientations_iPad = "UIInterfaceOrientationPortrait UIInterfaceOrientationPortraitUpsideDown UIInterfaceOrientationLandscapeLeft UIInterfaceOrientationLandscapeRight";
				INFOPLIST_KEY_UISupportedInterfaceOrientations_iPhone = "UIInterfaceOrientationPortrait UIInterfaceOrientationLandscapeLeft UIInterfaceOrientationLandscapeRight";
				LD_RUNPATH_SEARCH_PATHS = (
					"$(inherited)",
					"@executable_path/Frameworks",
				);
				MARKETING_VERSION = 1.0;
				PRODUCT_BUNDLE_IDENTIFIER = io.chenglu.SwiftUIBootcamp.SwiftUIBootcamp;
				PRODUCT_NAME = "$(TARGET_NAME)";
				SWIFT_EMIT_LOC_STRINGS = YES;
				SWIFT_VERSION = 5.0;
				TARGETED_DEVICE_FAMILY = "1,2";
			};
			name = Release;
		};
/* End XCBuildConfiguration section */

/* Begin XCConfigurationList section */
		BDD011DF2CC2625D0038CDE8 /* Build configuration list for PBXProject "SwiftUIBootcamp" */ = {
			isa = XCConfigurationList;
			buildConfigurations = (
				BDD011F02CC2625F0038CDE8 /* Debug */,
				BDD011F12CC2625F0038CDE8 /* Release */,
			);
			defaultConfigurationIsVisible = 0;
			defaultConfigurationName = Release;
		};
		BDD011F22CC2625F0038CDE8 /* Build configuration list for PBXNativeTarget "SwiftUIBootcamp" */ = {
			isa = XCConfigurationList;
			buildConfigurations = (
				BDD011F32CC2625F0038CDE8 /* Debug */,
				BDD011F42CC2625F0038CDE8 /* Release */,
			);
			defaultConfigurationIsVisible = 0;
			defaultConfigurationName = Release;
		};
/* End XCConfigurationList section */
	};
	rootObject = BDD011DC2CC2625D0038CDE8 /* Project object */;
}
